
Microsoft Visual Studio Solution File, Format Version 12.00
# Visual Studio Version 17
VisualStudioVersion = 17.8.34408.163
MinimumVisualStudioVersion = 10.0.40219.1
Project("{F184B08F-C81C-45F6-A57F-5ABD9991F28F}") = "1.intro to VB", "1.intro to VB\1.intro to VB.vbproj", "{21F47191-CBC6-462E-A2BA-7629B226C161}"
EndProject
Global
	GlobalSection(SolutionConfigurationPlatforms) = preSolution
		Debug|Any CPU = Debug|Any CPU
		Release|Any CPU = Release|Any CPU
	EndGlobalSection
	GlobalSection(ProjectConfigurationPlatforms) = postSolution
		{21F47191-CBC6-462E-A2BA-7629B226C161}.Debug|Any CPU.ActiveCfg = Debug|Any CPU
		{21F47191-CBC6-462E-A2BA-7629B226C161}.Debug|Any CPU.Build.0 = Debug|Any CPU
		{21F47191-CBC6-462E-A2BA-7629B226C161}.Release|Any CPU.ActiveCfg = Release|Any CPU
		{21F47191-CBC6-462E-A2BA-7629B226C161}.Release|Any CPU.Build.0 = Release|Any CPU
	EndGlobalSection
	GlobalSection(SolutionProperties) = preSolution
		HideSolutionNode = FALSE
	EndGlobalSection
	GlobalSection(ExtensibilityGlobals) = postSolution
		SolutionGuid = {D42FD7C1-FAEA-4FE2-949A-11DC39A36AEC}
	EndGlobalSection
EndGlobal
